
Microsoft Visual Studio Solution File, Format Version 12.00
# Visual Studio Version 16
VisualStudioVersion = 16.0.30523.141
MinimumVisualStudioVersion = 10.0.40219.1
Project("{FAE04EC0-301F-11D3-BF4B-00C04F79EFBC}") = "TutoCNAM", "TutoCNAM\TutoCNAM.csproj", "{DE1ED2A8-5E76-43A6-B728-F94D83B038A2}"
EndProject
Project("{FAE04EC0-301F-11D3-BF4B-00C04F79EFBC}") = "Calculatrice", "Calculatrice\Calculatrice.csproj", "{EFB9D771-CB2D-4761-935C-CB8654342989}"
EndProject
Project("{FAE04EC0-301F-11D3-BF4B-00C04F79EFBC}") = "DatabaseExample", "DatabaseExample\DatabaseExample.csproj", "{6248F346-21C1-47AC-8CF2-018A59845499}"
EndProject
Project("{FAE04EC0-301F-11D3-BF4B-00C04F79EFBC}") = "ExerciceTableau", "ExerciceTableau\ExerciceTableau.csproj", "{02DA0036-18EE-44B6-8043-14D0630E6636}"
EndProject
Project("{FAE04EC0-301F-11D3-BF4B-00C04F79EFBC}") = "CollectionComplexe", "CollectionComplexe\CollectionComplexe.csproj", "{F48ECD3C-D907-4B8B-AB96-73BB399F2C5F}"
EndProject
Project("{FAE04EC0-301F-11D3-BF4B-00C04F79EFBC}") = "ReparationPhone", "LocationDeVoiture\ReparationPhone.csproj", "{9B9E7D52-4435-4D65-BCB8-C80F5312810A}"
EndProject
Global
	GlobalSection(SolutionConfigurationPlatforms) = preSolution
		Debug|Any CPU = Debug|Any CPU
		Release|Any CPU = Release|Any CPU
	EndGlobalSection
	GlobalSection(ProjectConfigurationPlatforms) = postSolution
		{DE1ED2A8-5E76-43A6-B728-F94D83B038A2}.Debug|Any CPU.ActiveCfg = Debug|Any CPU
		{DE1ED2A8-5E76-43A6-B728-F94D83B038A2}.Debug|Any CPU.Build.0 = Debug|Any CPU
		{DE1ED2A8-5E76-43A6-B728-F94D83B038A2}.Release|Any CPU.ActiveCfg = Release|Any CPU
		{DE1ED2A8-5E76-43A6-B728-F94D83B038A2}.Release|Any CPU.Build.0 = Release|Any CPU
		{EFB9D771-CB2D-4761-935C-CB8654342989}.Debug|Any CPU.ActiveCfg = Debug|Any CPU
		{EFB9D771-CB2D-4761-935C-CB8654342989}.Debug|Any CPU.Build.0 = Debug|Any CPU
		{EFB9D771-CB2D-4761-935C-CB8654342989}.Release|Any CPU.ActiveCfg = Release|Any CPU
		{EFB9D771-CB2D-4761-935C-CB8654342989}.Release|Any CPU.Build.0 = Release|Any CPU
		{6248F346-21C1-47AC-8CF2-018A59845499}.Debug|Any CPU.ActiveCfg = Debug|Any CPU
		{6248F346-21C1-47AC-8CF2-018A59845499}.Debug|Any CPU.Build.0 = Debug|Any CPU
		{6248F346-21C1-47AC-8CF2-018A59845499}.Release|Any CPU.ActiveCfg = Release|Any CPU
		{6248F346-21C1-47AC-8CF2-018A59845499}.Release|Any CPU.Build.0 = Release|Any CPU
		{02DA0036-18EE-44B6-8043-14D0630E6636}.Debug|Any CPU.ActiveCfg = Debug|Any CPU
		{02DA0036-18EE-44B6-8043-14D0630E6636}.Debug|Any CPU.Build.0 = Debug|Any CPU
		{02DA0036-18EE-44B6-8043-14D0630E6636}.Release|Any CPU.ActiveCfg = Release|Any CPU
		{02DA0036-18EE-44B6-8043-14D0630E6636}.Release|Any CPU.Build.0 = Release|Any CPU
		{F48ECD3C-D907-4B8B-AB96-73BB399F2C5F}.Debug|Any CPU.ActiveCfg = Debug|Any CPU
		{F48ECD3C-D907-4B8B-AB96-73BB399F2C5F}.Debug|Any CPU.Build.0 = Debug|Any CPU
		{F48ECD3C-D907-4B8B-AB96-73BB399F2C5F}.Release|Any CPU.ActiveCfg = Release|Any CPU
		{F48ECD3C-D907-4B8B-AB96-73BB399F2C5F}.Release|Any CPU.Build.0 = Release|Any CPU
		{9B9E7D52-4435-4D65-BCB8-C80F5312810A}.Debug|Any CPU.ActiveCfg = Debug|Any CPU
		{9B9E7D52-4435-4D65-BCB8-C80F5312810A}.Debug|Any CPU.Build.0 = Debug|Any CPU
		{9B9E7D52-4435-4D65-BCB8-C80F5312810A}.Release|Any CPU.ActiveCfg = Release|Any CPU
		{9B9E7D52-4435-4D65-BCB8-C80F5312810A}.Release|Any CPU.Build.0 = Release|Any CPU
	EndGlobalSection
	GlobalSection(SolutionProperties) = preSolution
		HideSolutionNode = FALSE
	EndGlobalSection
	GlobalSection(ExtensibilityGlobals) = postSolution
		SolutionGuid = {EC6E5B3E-9A73-41B4-A5EA-DE1AB82D726F}
	EndGlobalSection
EndGlobal
